// !$*UTF8*$!
{
	archiveVersion = 1;
	classes = {
	};
	objectVersion = 50;
	objects = {

/* Begin PBXBuildFile section */
		4C6354E525CAFC7900AFAE4A /* AppDelegate.swift in Sources */ = {isa = PBXBuildFile; fileRef = 4C6354E425CAFC7900AFAE4A /* AppDelegate.swift */; };
		4C6354E725CAFC7900AFAE4A /* SceneDelegate.swift in Sources */ = {isa = PBXBuildFile; fileRef = 4C6354E625CAFC7900AFAE4A /* SceneDelegate.swift */; };
		4C6354E925CAFC7900AFAE4A /* ViewController.swift in Sources */ = {isa = PBXBuildFile; fileRef = 4C6354E825CAFC7900AFAE4A /* ViewController.swift */; };
		4C6354EC25CAFC7900AFAE4A /* Main.storyboard in Resources */ = {isa = PBXBuildFile; fileRef = 4C6354EA25CAFC7900AFAE4A /* Main.storyboard */; };
		4C6354EF25CAFC7900AFAE4A /* grocery.xcdatamodeld in Sources */ = {isa = PBXBuildFile; fileRef = 4C6354ED25CAFC7900AFAE4A /* grocery.xcdatamodeld */; };
		4C6354F125CAFC8100AFAE4A /* Assets.xcassets in Resources */ = {isa = PBXBuildFile; fileRef = 4C6354F025CAFC8100AFAE4A /* Assets.xcassets */; };
		4C6354F425CAFC8100AFAE4A /* LaunchScreen.storyboard in Resources */ = {isa = PBXBuildFile; fileRef = 4C6354F225CAFC8100AFAE4A /* LaunchScreen.storyboard */; };
		4C6354FF25CAFC8100AFAE4A /* groceryTests.swift in Sources */ = {isa = PBXBuildFile; fileRef = 4C6354FE25CAFC8100AFAE4A /* groceryTests.swift */; };
		4C63550A25CAFC8100AFAE4A /* groceryUITests.swift in Sources */ = {isa = PBXBuildFile; fileRef = 4C63550925CAFC8100AFAE4A /* groceryUITests.swift */; };
/* End PBXBuildFile section */

/* Begin PBXContainerItemProxy section */
		4C6354FB25CAFC8100AFAE4A /* PBXContainerItemProxy */ = {
			isa = PBXContainerItemProxy;
			containerPortal = 4C6354D925CAFC7900AFAE4A /* Project object */;
			proxyType = 1;
			remoteGlobalIDString = 4C6354E025CAFC7900AFAE4A;
			remoteInfo = grocery;
		};
		4C63550625CAFC8100AFAE4A /* PBXContainerItemProxy */ = {
			isa = PBXContainerItemProxy;
			containerPortal = 4C6354D925CAFC7900AFAE4A /* Project object */;
			proxyType = 1;
			remoteGlobalIDString = 4C6354E025CAFC7900AFAE4A;
			remoteInfo = grocery;
		};
/* End PBXContainerItemProxy section */

/* Begin PBXFileReference section */
		4C6354E125CAFC7900AFAE4A /* grocery.app */ = {isa = PBXFileReference; explicitFileType = wrapper.application; includeInIndex = 0; path = grocery.app; sourceTree = BUILT_PRODUCTS_DIR; };
		4C6354E425CAFC7900AFAE4A /* AppDelegate.swift */ = {isa = PBXFileReference; lastKnownFileType = sourcecode.swift; path = AppDelegate.swift; sourceTree = "<group>"; };
		4C6354E625CAFC7900AFAE4A /* SceneDelegate.swift */ = {isa = PBXFileReference; lastKnownFileType = sourcecode.swift; path = SceneDelegate.swift; sourceTree = "<group>"; };
		4C6354E825CAFC7900AFAE4A /* ViewController.swift */ = {isa = PBXFileReference; lastKnownFileType = sourcecode.swift; path = ViewController.swift; sourceTree = "<group>"; };
		4C6354EB25CAFC7900AFAE4A /* Base */ = {isa = PBXFileReference; lastKnownFileType = file.storyboard; name = Base; path = Base.lproj/Main.storyboard; sourceTree = "<group>"; };
		4C6354EE25CAFC7900AFAE4A /* grocery.xcdatamodel */ = {isa = PBXFileReference; lastKnownFileType = wrapper.xcdatamodel; path = grocery.xcdatamodel; sourceTree = "<group>"; };
		4C6354F025CAFC8100AFAE4A /* Assets.xcassets */ = {isa = PBXFileReference; lastKnownFileType = folder.assetcatalog; path = Assets.xcassets; sourceTree = "<group>"; };
		4C6354F325CAFC8100AFAE4A /* Base */ = {isa = PBXFileReference; lastKnownFileType = file.storyboard; name = Base; path = Base.lproj/LaunchScreen.storyboard; sourceTree = "<group>"; };
		4C6354F525CAFC8100AFAE4A /* Info.plist */ = {isa = PBXFileReference; lastKnownFileType = text.plist.xml; path = Info.plist; sourceTree = "<group>"; };
		4C6354FA25CAFC8100AFAE4A /* groceryTests.xctest */ = {isa = PBXFileReference; explicitFileType = wrapper.cfbundle; includeInIndex = 0; path = groceryTests.xctest; sourceTree = BUILT_PRODUCTS_DIR; };
		4C6354FE25CAFC8100AFAE4A /* groceryTests.swift */ = {isa = PBXFileReference; lastKnownFileType = sourcecode.swift; path = groceryTests.swift; sourceTree = "<group>"; };
		4C63550025CAFC8100AFAE4A /* Info.plist */ = {isa = PBXFileReference; lastKnownFileType = text.plist.xml; path = Info.plist; sourceTree = "<group>"; };
		4C63550525CAFC8100AFAE4A /* groceryUITests.xctest */ = {isa = PBXFileReference; explicitFileType = wrapper.cfbundle; includeInIndex = 0; path = groceryUITests.xctest; sourceTree = BUILT_PRODUCTS_DIR; };
		4C63550925CAFC8100AFAE4A /* groceryUITests.swift */ = {isa = PBXFileReference; lastKnownFileType = sourcecode.swift; path = groceryUITests.swift; sourceTree = "<group>"; };
		4C63550B25CAFC8100AFAE4A /* Info.plist */ = {isa = PBXFileReference; lastKnownFileType = text.plist.xml; path = Info.plist; sourceTree = "<group>"; };
/* End PBXFileReference section */

/* Begin PBXFrameworksBuildPhase section */
		4C6354DE25CAFC7900AFAE4A /* Frameworks */ = {
			isa = PBXFrameworksBuildPhase;
			buildActionMask = 2147483647;
			files = (
			);
			runOnlyForDeploymentPostprocessing = 0;
		};
		4C6354F725CAFC8100AFAE4A /* Frameworks */ = {
			isa = PBXFrameworksBuildPhase;
			buildActionMask = 2147483647;
			files = (
			);
			runOnlyForDeploymentPostprocessing = 0;
		};
		4C63550225CAFC8100AFAE4A /* Frameworks */ = {
			isa = PBXFrameworksBuildPhase;
			buildActionMask = 2147483647;
			files = (
			);
			runOnlyForDeploymentPostprocessing = 0;
		};
/* End PBXFrameworksBuildPhase section */

/* Begin PBXGroup section */
		4C6354D825CAFC7900AFAE4A = {
			isa = PBXGroup;
			children = (
				4C6354E325CAFC7900AFAE4A /* grocery */,
				4C6354FD25CAFC8100AFAE4A /* groceryTests */,
				4C63550825CAFC8100AFAE4A /* groceryUITests */,
				4C6354E225CAFC7900AFAE4A /* Products */,
			);
			sourceTree = "<group>";
		};
		4C6354E225CAFC7900AFAE4A /* Products */ = {
			isa = PBXGroup;
			children = (
				4C6354E125CAFC7900AFAE4A /* grocery.app */,
				4C6354FA25CAFC8100AFAE4A /* groceryTests.xctest */,
				4C63550525CAFC8100AFAE4A /* groceryUITests.xctest */,
			);
			name = Products;
			sourceTree = "<group>";
		};
		4C6354E325CAFC7900AFAE4A /* grocery */ = {
			isa = PBXGroup;
			children = (
				4C6354E425CAFC7900AFAE4A /* AppDelegate.swift */,
				4C6354E625CAFC7900AFAE4A /* SceneDelegate.swift */,
				4C6354E825CAFC7900AFAE4A /* ViewController.swift */,
				4C6354EA25CAFC7900AFAE4A /* Main.storyboard */,
				4C6354F025CAFC8100AFAE4A /* Assets.xcassets */,
				4C6354F225CAFC8100AFAE4A /* LaunchScreen.storyboard */,
				4C6354F525CAFC8100AFAE4A /* Info.plist */,
				4C6354ED25CAFC7900AFAE4A /* grocery.xcdatamodeld */,
			);
			path = grocery;
			sourceTree = "<group>";
		};
		4C6354FD25CAFC8100AFAE4A /* groceryTests */ = {
			isa = PBXGroup;
			children = (
				4C6354FE25CAFC8100AFAE4A /* groceryTests.swift */,
				4C63550025CAFC8100AFAE4A /* Info.plist */,
			);
			path = groceryTests;
			sourceTree = "<group>";
		};
		4C63550825CAFC8100AFAE4A /* groceryUITests */ = {
			isa = PBXGroup;
			children = (
				4C63550925CAFC8100AFAE4A /* groceryUITests.swift */,
				4C63550B25CAFC8100AFAE4A /* Info.plist */,
			);
			path = groceryUITests;
			sourceTree = "<group>";
		};
/* End PBXGroup section */

/* Begin PBXNativeTarget section */
		4C6354E025CAFC7900AFAE4A /* grocery */ = {
			isa = PBXNativeTarget;
			buildConfigurationList = 4C63550E25CAFC8100AFAE4A /* Build configuration list for PBXNativeTarget "grocery" */;
			buildPhases = (
				4C6354DD25CAFC7900AFAE4A /* Sources */,
				4C6354DE25CAFC7900AFAE4A /* Frameworks */,
				4C6354DF25CAFC7900AFAE4A /* Resources */,
			);
			buildRules = (
			);
			dependencies = (
			);
			name = grocery;
			productName = grocery;
			productReference = 4C6354E125CAFC7900AFAE4A /* grocery.app */;
			productType = "com.apple.product-type.application";
		};
		4C6354F925CAFC8100AFAE4A /* groceryTests */ = {
			isa = PBXNativeTarget;
			buildConfigurationList = 4C63551125CAFC8100AFAE4A /* Build configuration list for PBXNativeTarget "groceryTests" */;
			buildPhases = (
				4C6354F625CAFC8100AFAE4A /* Sources */,
				4C6354F725CAFC8100AFAE4A /* Frameworks */,
				4C6354F825CAFC8100AFAE4A /* Resources */,
			);
			buildRules = (
			);
			dependencies = (
				4C6354FC25CAFC8100AFAE4A /* PBXTargetDependency */,
			);
			name = groceryTests;
			productName = groceryTests;
			productReference = 4C6354FA25CAFC8100AFAE4A /* groceryTests.xctest */;
			productType = "com.apple.product-type.bundle.unit-test";
		};
		4C63550425CAFC8100AFAE4A /* groceryUITests */ = {
			isa = PBXNativeTarget;
			buildConfigurationList = 4C63551425CAFC8100AFAE4A /* Build configuration list for PBXNativeTarget "groceryUITests" */;
			buildPhases = (
				4C63550125CAFC8100AFAE4A /* Sources */,
				4C63550225CAFC8100AFAE4A /* Frameworks */,
				4C63550325CAFC8100AFAE4A /* Resources */,
			);
			buildRules = (
			);
			dependencies = (
				4C63550725CAFC8100AFAE4A /* PBXTargetDependency */,
			);
			name = groceryUITests;
			productName = groceryUITests;
			productReference = 4C63550525CAFC8100AFAE4A /* groceryUITests.xctest */;
			productType = "com.apple.product-type.bundle.ui-testing";
		};
/* End PBXNativeTarget section */

/* Begin PBXProject section */
		4C6354D925CAFC7900AFAE4A /* Project object */ = {
			isa = PBXProject;
			attributes = {
				LastSwiftUpdateCheck = 1230;
				LastUpgradeCheck = 1230;
				TargetAttributes = {
					4C6354E025CAFC7900AFAE4A = {
						CreatedOnToolsVersion = 12.3;
					};
					4C6354F925CAFC8100AFAE4A = {
						CreatedOnToolsVersion = 12.3;
						TestTargetID = 4C6354E025CAFC7900AFAE4A;
					};
					4C63550425CAFC8100AFAE4A = {
						CreatedOnToolsVersion = 12.3;
						TestTargetID = 4C6354E025CAFC7900AFAE4A;
					};
				};
			};
			buildConfigurationList = 4C6354DC25CAFC7900AFAE4A /* Build configuration list for PBXProject "grocery" */;
			compatibilityVersion = "Xcode 9.3";
			developmentRegion = en;
			hasScannedForEncodings = 0;
			knownRegions = (
				en,
				Base,
			);
			mainGroup = 4C6354D825CAFC7900AFAE4A;
			productRefGroup = 4C6354E225CAFC7900AFAE4A /* Products */;
			projectDirPath = "";
			projectRoot = "";
			targets = (
				4C6354E025CAFC7900AFAE4A /* grocery */,
				4C6354F925CAFC8100AFAE4A /* groceryTests */,
				4C63550425CAFC8100AFAE4A /* groceryUITests */,
			);
		};
/* End PBXProject section */

/* Begin PBXResourcesBuildPhase section */
		4C6354DF25CAFC7900AFAE4A /* Resources */ = {
			isa = PBXResourcesBuildPhase;
			buildActionMask = 2147483647;
			files = (
				4C6354F425CAFC8100AFAE4A /* LaunchScreen.storyboard in Resources */,
				4C6354F125CAFC8100AFAE4A /* Assets.xcassets in Resources */,
				4C6354EC25CAFC7900AFAE4A /* Main.storyboard in Resources */,
			);
			runOnlyForDeploymentPostprocessing = 0;
		};
		4C6354F825CAFC8100AFAE4A /* Resources */ = {
			isa = PBXResourcesBuildPhase;
			buildActionMask = 2147483647;
			files = (
			);
			runOnlyForDeploymentPostprocessing = 0;
		};
		4C63550325CAFC8100AFAE4A /* Resources */ = {
			isa = PBXResourcesBuildPhase;
			buildActionMask = 2147483647;
			files = (
			);
			runOnlyForDeploymentPostprocessing = 0;
		};
/* End PBXResourcesBuildPhase section */

/* Begin PBXSourcesBuildPhase section */
		4C6354DD25CAFC7900AFAE4A /* Sources */ = {
			isa = PBXSourcesBuildPhase;
			buildActionMask = 2147483647;
			files = (
				4C6354E925CAFC7900AFAE4A /* ViewController.swift in Sources */,
				4C6354E525CAFC7900AFAE4A /* AppDelegate.swift in Sources */,
				4C6354E725CAFC7900AFAE4A /* SceneDelegate.swift in Sources */,
				4C6354EF25CAFC7900AFAE4A /* grocery.xcdatamodeld in Sources */,
			);
			runOnlyForDeploymentPostprocessing = 0;
		};
		4C6354F625CAFC8100AFAE4A /* Sources */ = {
			isa = PBXSourcesBuildPhase;
			buildActionMask = 2147483647;
			files = (
				4C6354FF25CAFC8100AFAE4A /* groceryTests.swift in Sources */,
			);
			runOnlyForDeploymentPostprocessing = 0;
		};
		4C63550125CAFC8100AFAE4A /* Sources */ = {
			isa = PBXSourcesBuildPhase;
			buildActionMask = 2147483647;
			files = (
				4C63550A25CAFC8100AFAE4A /* groceryUITests.swift in Sources */,
			);
			runOnlyForDeploymentPostprocessing = 0;
		};
/* End PBXSourcesBuildPhase section */

/* Begin PBXTargetDependency section */
		4C6354FC25CAFC8100AFAE4A /* PBXTargetDependency */ = {
			isa = PBXTargetDependency;
			target = 4C6354E025CAFC7900AFAE4A /* grocery */;
			targetProxy = 4C6354FB25CAFC8100AFAE4A /* PBXContainerItemProxy */;
		};
		4C63550725CAFC8100AFAE4A /* PBXTargetDependency */ = {
			isa = PBXTargetDependency;
			target = 4C6354E025CAFC7900AFAE4A /* grocery */;
			targetProxy = 4C63550625CAFC8100AFAE4A /* PBXContainerItemProxy */;
		};
/* End PBXTargetDependency section */

/* Begin PBXVariantGroup section */
		4C6354EA25CAFC7900AFAE4A /* Main.storyboard */ = {
			isa = PBXVariantGroup;
			children = (
				4C6354EB25CAFC7900AFAE4A /* Base */,
			);
			name = Main.storyboard;
			sourceTree = "<group>";
		};
		4C6354F225CAFC8100AFAE4A /* LaunchScreen.storyboard */ = {
			isa = PBXVariantGroup;
			children = (
				4C6354F325CAFC8100AFAE4A /* Base */,
			);
			name = LaunchScreen.storyboard;
			sourceTree = "<group>";
		};
/* End PBXVariantGroup section */

/* Begin XCBuildConfiguration section */
		4C63550C25CAFC8100AFAE4A /* Debug */ = {
			isa = XCBuildConfiguration;
			buildSettings = {
				ALWAYS_SEARCH_USER_PATHS = NO;
				CLANG_ANALYZER_NONNULL = YES;
				CLANG_ANALYZER_NUMBER_OBJECT_CONVERSION = YES_AGGRESSIVE;
				CLANG_CXX_LANGUAGE_STANDARD = "gnu++14";
				CLANG_CXX_LIBRARY = "libc++";
				CLANG_ENABLE_MODULES = YES;
				CLANG_ENABLE_OBJC_ARC = YES;
				CLANG_ENABLE_OBJC_WEAK = YES;
				CLANG_WARN_BLOCK_CAPTURE_AUTORELEASING = YES;
				CLANG_WARN_BOOL_CONVERSION = YES;
				CLANG_WARN_COMMA = YES;
				CLANG_WARN_CONSTANT_CONVERSION = YES;
				CLANG_WARN_DEPRECATED_OBJC_IMPLEMENTATIONS = YES;
				CLANG_WARN_DIRECT_OBJC_ISA_USAGE = YES_ERROR;
				CLANG_WARN_DOCUMENTATION_COMMENTS = YES;
				CLANG_WARN_EMPTY_BODY = YES;
				CLANG_WARN_ENUM_CONVERSION = YES;
				CLANG_WARN_INFINITE_RECURSION = YES;
				CLANG_WARN_INT_CONVERSION = YES;
				CLANG_WARN_NON_LITERAL_NULL_CONVERSION = YES;
				CLANG_WARN_OBJC_IMPLICIT_RETAIN_SELF = YES;
				CLANG_WARN_OBJC_LITERAL_CONVERSION = YES;
				CLANG_WARN_OBJC_ROOT_CLASS = YES_ERROR;
				CLANG_WARN_QUOTED_INCLUDE_IN_FRAMEWORK_HEADER = YES;
				CLANG_WARN_RANGE_LOOP_ANALYSIS = YES;
				CLANG_WARN_STRICT_PROTOTYPES = YES;
				CLANG_WARN_SUSPICIOUS_MOVE = YES;
				CLANG_WARN_UNGUARDED_AVAILABILITY = YES_AGGRESSIVE;
				CLANG_WARN_UNREACHABLE_CODE = YES;
				CLANG_WARN__DUPLICATE_METHOD_MATCH = YES;
				COPY_PHASE_STRIP = NO;
				DEBUG_INFORMATION_FORMAT = dwarf;
				ENABLE_STRICT_OBJC_MSGSEND = YES;
				ENABLE_TESTABILITY = YES;
				GCC_C_LANGUAGE_STANDARD = gnu11;
				GCC_DYNAMIC_NO_PIC = NO;
				GCC_NO_COMMON_BLOCKS = YES;
				GCC_OPTIMIZATION_LEVEL = 0;
				GCC_PREPROCESSOR_DEFINITIONS = (
					"DEBUG=1",
					"$(inherited)",
				);
				GCC_WARN_64_TO_32_BIT_CONVERSION = YES;
				GCC_WARN_ABOUT_RETURN_TYPE = YES_ERROR;
				GCC_WARN_UNDECLARED_SELECTOR = YES;
				GCC_WARN_UNINITIALIZED_AUTOS = YES_AGGRESSIVE;
				GCC_WARN_UNUSED_FUNCTION = YES;
				GCC_WARN_UNUSED_VARIABLE = YES;
				IPHONEOS_DEPLOYMENT_TARGET = 14.3;
				MTL_ENABLE_DEBUG_INFO = INCLUDE_SOURCE;
				MTL_FAST_MATH = YES;
				ONLY_ACTIVE_ARCH = YES;
				SDKROOT = iphoneos;
				SWIFT_ACTIVE_COMPILATION_CONDITIONS = DEBUG;
				SWIFT_OPTIMIZATION_LEVEL = "-Onone";
			};
			name = Debug;
		};
		4C63550D25CAFC8100AFAE4A /* Release */ = {
			isa = XCBuildConfiguration;
			buildSettings = {
				ALWAYS_SEARCH_USER_PATHS = NO;
				CLANG_ANALYZER_NONNULL = YES;
				CLANG_ANALYZER_NUMBER_OBJECT_CONVERSION = YES_AGGRESSIVE;
				CLANG_CXX_LANGUAGE_STANDARD = "gnu++14";
				CLANG_CXX_LIBRARY = "libc++";
				CLANG_ENABLE_MODULES = YES;
				CLANG_ENABLE_OBJC_ARC = YES;
				CLANG_ENABLE_OBJC_WEAK = YES;
				CLANG_WARN_BLOCK_CAPTURE_AUTORELEASING = YES;
				CLANG_WARN_BOOL_CONVERSION = YES;
				CLANG_WARN_COMMA = YES;
				CLANG_WARN_CONSTANT_CONVERSION = YES;
				CLANG_WARN_DEPRECATED_OBJC_IMPLEMENTATIONS = YES;
				CLANG_WARN_DIRECT_OBJC_ISA_USAGE = YES_ERROR;
				CLANG_WARN_DOCUMENTATION_COMMENTS = YES;
				CLANG_WARN_EMPTY_BODY = YES;
				CLANG_WARN_ENUM_CONVERSION = YES;
				CLANG_WARN_INFINITE_RECURSION = YES;
				CLANG_WARN_INT_CONVERSION = YES;
				CLANG_WARN_NON_LITERAL_NULL_CONVERSION = YES;
				CLANG_WARN_OBJC_IMPLICIT_RETAIN_SELF = YES;
				CLANG_WARN_OBJC_LITERAL_CONVERSION = YES;
				CLANG_WARN_OBJC_ROOT_CLASS = YES_ERROR;
				CLANG_WARN_QUOTED_INCLUDE_IN_FRAMEWORK_HEADER = YES;
				CLANG_WARN_RANGE_LOOP_ANALYSIS = YES;
				CLANG_WARN_STRICT_PROTOTYPES = YES;
				CLANG_WARN_SUSPICIOUS_MOVE = YES;
				CLANG_WARN_UNGUARDED_AVAILABILITY = YES_AGGRESSIVE;
				CLANG_WARN_UNREACHABLE_CODE = YES;
				CLANG_WARN__DUPLICATE_METHOD_MATCH = YES;
				COPY_PHASE_STRIP = NO;
				DEBUG_INFORMATION_FORMAT = "dwarf-with-dsym";
				ENABLE_NS_ASSERTIONS = NO;
				ENABLE_STRICT_OBJC_MSGSEND = YES;
				GCC_C_LANGUAGE_STANDARD = gnu11;
				GCC_NO_COMMON_BLOCKS = YES;
				GCC_WARN_64_TO_32_BIT_CONVERSION = YES;
				GCC_WARN_ABOUT_RETURN_TYPE = YES_ERROR;
				GCC_WARN_UNDECLARED_SELECTOR = YES;
				GCC_WARN_UNINITIALIZED_AUTOS = YES_AGGRESSIVE;
				GCC_WARN_UNUSED_FUNCTION = YES;
				GCC_WARN_UNUSED_VARIABLE = YES;
				IPHONEOS_DEPLOYMENT_TARGET = 14.3;
				MTL_ENABLE_DEBUG_INFO = NO;
				MTL_FAST_MATH = YES;
				SDKROOT = iphoneos;
				SWIFT_COMPILATION_MODE = wholemodule;
				SWIFT_OPTIMIZATION_LEVEL = "-O";
				VALIDATE_PRODUCT = YES;
			};
			name = Release;
		};
		4C63550F25CAFC8100AFAE4A /* Debug */ = {
			isa = XCBuildConfiguration;
			buildSettings = {
				ASSETCATALOG_COMPILER_APPICON_NAME = AppIcon;
				ASSETCATALOG_COMPILER_GLOBAL_ACCENT_COLOR_NAME = AccentColor;
				CODE_SIGN_STYLE = Automatic;
				DEVELOPMENT_TEAM = 5KBLY872RN;
				INFOPLIST_FILE = grocery/Info.plist;
				LD_RUNPATH_SEARCH_PATHS = (
					"$(inherited)",
					"@executable_path/Frameworks",
				);
				PRODUCT_BUNDLE_IDENTIFIER = com.cbn.grocery;
				PRODUCT_NAME = "$(TARGET_NAME)";
				SWIFT_VERSION = 5.0;
				TARGETED_DEVICE_FAMILY = "1,2";
			};
			name = Debug;
		};
		4C63551025CAFC8100AFAE4A /* Release */ = {
			isa = XCBuildConfiguration;
			buildSettings = {
				ASSETCATALOG_COMPILER_APPICON_NAME = AppIcon;
				ASSETCATALOG_COMPILER_GLOBAL_ACCENT_COLOR_NAME = AccentColor;
				CODE_SIGN_STYLE = Automatic;
				DEVELOPMENT_TEAM = 5KBLY872RN;
				INFOPLIST_FILE = grocery/Info.plist;
				LD_RUNPATH_SEARCH_PATHS = (
					"$(inherited)",
					"@executable_path/Frameworks",
				);
				PRODUCT_BUNDLE_IDENTIFIER = com.cbn.grocery;
				PRODUCT_NAME = "$(TARGET_NAME)";
				SWIFT_VERSION = 5.0;
				TARGETED_DEVICE_FAMILY = "1,2";
			};
			name = Release;
		};
		4C63551225CAFC8100AFAE4A /* Debug */ = {
			isa = XCBuildConfiguration;
			buildSettings = {
				ALWAYS_EMBED_SWIFT_STANDARD_LIBRARIES = YES;
				BUNDLE_LOADER = "$(TEST_HOST)";
				CODE_SIGN_STYLE = Automatic;
				DEVELOPMENT_TEAM = 5KBLY872RN;
				INFOPLIST_FILE = groceryTests/Info.plist;
				IPHONEOS_DEPLOYMENT_TARGET = 14.3;
				LD_RUNPATH_SEARCH_PATHS = (
					"$(inherited)",
					"@executable_path/Frameworks",
					"@loader_path/Frameworks",
				);
				PRODUCT_BUNDLE_IDENTIFIER = com.cbn.groceryTests;
				PRODUCT_NAME = "$(TARGET_NAME)";
				SWIFT_VERSION = 5.0;
				TARGETED_DEVICE_FAMILY = "1,2";
				TEST_HOST = "$(BUILT_PRODUCTS_DIR)/grocery.app/grocery";
			};
			name = Debug;
		};
		4C63551325CAFC8100AFAE4A /* Release */ = {
			isa = XCBuildConfiguration;
			buildSettings = {
				ALWAYS_EMBED_SWIFT_STANDARD_LIBRARIES = YES;
				BUNDLE_LOADER = "$(TEST_HOST)";
				CODE_SIGN_STYLE = Automatic;
				DEVELOPMENT_TEAM = 5KBLY872RN;
				INFOPLIST_FILE = groceryTests/Info.plist;
				IPHONEOS_DEPLOYMENT_TARGET = 14.3;
				LD_RUNPATH_SEARCH_PATHS = (
					"$(inherited)",
					"@executable_path/Frameworks",
					"@loader_path/Frameworks",
				);
				PRODUCT_BUNDLE_IDENTIFIER = com.cbn.groceryTests;
				PRODUCT_NAME = "$(TARGET_NAME)";
				SWIFT_VERSION = 5.0;
				TARGETED_DEVICE_FAMILY = "1,2";
				TEST_HOST = "$(BUILT_PRODUCTS_DIR)/grocery.app/grocery";
			};
			name = Release;
		};
		4C63551525CAFC8100AFAE4A /* Debug */ = {
			isa = XCBuildConfiguration;
			buildSettings = {
				ALWAYS_EMBED_SWIFT_STANDARD_LIBRARIES = YES;
				CODE_SIGN_STYLE = Automatic;
				DEVELOPMENT_TEAM = 5KBLY872RN;
				INFOPLIST_FILE = groceryUITests/Info.plist;
				LD_RUNPATH_SEARCH_PATHS = (
					"$(inherited)",
					"@executable_path/Frameworks",
					"@loader_path/Frameworks",
				);
				PRODUCT_BUNDLE_IDENTIFIER = com.cbn.groceryUITests;
				PRODUCT_NAME = "$(TARGET_NAME)";
				SWIFT_VERSION = 5.0;
				TARGETED_DEVICE_FAMILY = "1,2";
				TEST_TARGET_NAME = grocery;
			};
			name = Debug;
		};
		4C63551625CAFC8100AFAE4A /* Release */ = {
			isa = XCBuildConfiguration;
			buildSettings = {
				ALWAYS_EMBED_SWIFT_STANDARD_LIBRARIES = YES;
				CODE_SIGN_STYLE = Automatic;
				DEVELOPMENT_TEAM = 5KBLY872RN;
				INFOPLIST_FILE = groceryUITests/Info.plist;
				LD_RUNPATH_SEARCH_PATHS = (
					"$(inherited)",
					"@executable_path/Frameworks",
					"@loader_path/Frameworks",
				);
				PRODUCT_BUNDLE_IDENTIFIER = com.cbn.groceryUITests;
				PRODUCT_NAME = "$(TARGET_NAME)";
				SWIFT_VERSION = 5.0;
				TARGETED_DEVICE_FAMILY = "1,2";
				TEST_TARGET_NAME = grocery;
			};
			name = Release;
		};
/* End XCBuildConfiguration section */

/* Begin XCConfigurationList section */
		4C6354DC25CAFC7900AFAE4A /* Build configuration list for PBXProject "grocery" */ = {
			isa = XCConfigurationList;
			buildConfigurations = (
				4C63550C25CAFC8100AFAE4A /* Debug */,
				4C63550D25CAFC8100AFAE4A /* Release */,
			);
			defaultConfigurationIsVisible = 0;
			defaultConfigurationName = Release;
		};
		4C63550E25CAFC8100AFAE4A /* Build configuration list for PBXNativeTarget "grocery" */ = {
			isa = XCConfigurationList;
			buildConfigurations = (
				4C63550F25CAFC8100AFAE4A /* Debug */,
				4C63551025CAFC8100AFAE4A /* Release */,
			);
			defaultConfigurationIsVisible = 0;
			defaultConfigurationName = Release;
		};
		4C63551125CAFC8100AFAE4A /* Build configuration list for PBXNativeTarget "groceryTests" */ = {
			isa = XCConfigurationList;
			buildConfigurations = (
				4C63551225CAFC8100AFAE4A /* Debug */,
				4C63551325CAFC8100AFAE4A /* Release */,
			);
			defaultConfigurationIsVisible = 0;
			defaultConfigurationName = Release;
		};
		4C63551425CAFC8100AFAE4A /* Build configuration list for PBXNativeTarget "groceryUITests" */ = {
			isa = XCConfigurationList;
			buildConfigurations = (
				4C63551525CAFC8100AFAE4A /* Debug */,
				4C63551625CAFC8100AFAE4A /* Release */,
			);
			defaultConfigurationIsVisible = 0;
			defaultConfigurationName = Release;
		};
/* End XCConfigurationList section */

/* Begin XCVersionGroup section */
		4C6354ED25CAFC7900AFAE4A /* grocery.xcdatamodeld */ = {
			isa = XCVersionGroup;
			children = (
				4C6354EE25CAFC7900AFAE4A /* grocery.xcdatamodel */,
			);
			currentVersion = 4C6354EE25CAFC7900AFAE4A /* grocery.xcdatamodel */;
			path = grocery.xcdatamodeld;
			sourceTree = "<group>";
			versionGroupType = wrapper.xcdatamodel;
		};
/* End XCVersionGroup section */
	};
	rootObject = 4C6354D925CAFC7900AFAE4A /* Project object */;
}
